// !$*UTF8*$!
{
	archiveVersion = 1;
	classes = {
	};
	objectVersion = 56;
	objects = {

/* Begin PBXBuildFile section */
		A00000000000000000000101 /* AuroraSecurityApp.swift in Sources */ = {isa = PBXBuildFile; fileRef = A00000000000000000000201 /* AuroraSecurityApp.swift */; };
		A00000000000000000000102 /* AuroraAppStore.swift in Sources */ = {isa = PBXBuildFile; fileRef = A00000000000000000000202 /* AuroraAppStore.swift */; };
		A00000000000000000000103 /* AuroraModels.swift in Sources */ = {isa = PBXBuildFile; fileRef = A00000000000000000000203 /* AuroraModels.swift */; };
		A00000000000000000000104 /* PreferencesStore.swift in Sources */ = {isa = PBXBuildFile; fileRef = A00000000000000000000204 /* PreferencesStore.swift */; };
		A00000000000000000000105 /* AlertMessageFormatter.swift in Sources */ = {isa = PBXBuildFile; fileRef = A00000000000000000000205 /* AlertMessageFormatter.swift */; };
		A00000000000000000000106 /* HistoryStore.swift in Sources */ = {isa = PBXBuildFile; fileRef = A00000000000000000000206 /* HistoryStore.swift */; };
		A00000000000000000000107 /* BackendClient.swift in Sources */ = {isa = PBXBuildFile; fileRef = A00000000000000000000207 /* BackendClient.swift */; };
		A00000000000000000000108 /* NoiseMonitor.swift in Sources */ = {isa = PBXBuildFile; fileRef = A00000000000000000000208 /* NoiseMonitor.swift */; };
		A00000000000000000000109 /* MotionMonitor.swift in Sources */ = {isa = PBXBuildFile; fileRef = A00000000000000000000209 /* MotionMonitor.swift */; };
		A0000000000000000000010A /* CrisisAudioRecorder.swift in Sources */ = {isa = PBXBuildFile; fileRef = A0000000000000000000020A /* CrisisAudioRecorder.swift */; };
		A0000000000000000000010B /* LocationSnapshotProvider.swift in Sources */ = {isa = PBXBuildFile; fileRef = A0000000000000000000020B /* LocationSnapshotProvider.swift */; };
		A0000000000000000000010C /* LocalAlarmPlayer.swift in Sources */ = {isa = PBXBuildFile; fileRef = A0000000000000000000020C /* LocalAlarmPlayer.swift */; };
		A0000000000000000000010D /* AiAnalysisService.swift in Sources */ = {isa = PBXBuildFile; fileRef = A0000000000000000000020D /* AiAnalysisService.swift */; };
		A0000000000000000000010E /* EmergencyDecisionPolicy.swift in Sources */ = {isa = PBXBuildFile; fileRef = A0000000000000000000020E /* EmergencyDecisionPolicy.swift */; };
		A0000000000000000000010F /* AuroraComponents.swift in Sources */ = {isa = PBXBuildFile; fileRef = A0000000000000000000020F /* AuroraComponents.swift */; };
		A00000000000000000000110 /* AuroraRootView.swift in Sources */ = {isa = PBXBuildFile; fileRef = A00000000000000000000210 /* AuroraRootView.swift */; };
		A00000000000000000000111 /* DetectView.swift in Sources */ = {isa = PBXBuildFile; fileRef = A00000000000000000000211 /* DetectView.swift */; };
		A00000000000000000000112 /* AiView.swift in Sources */ = {isa = PBXBuildFile; fileRef = A00000000000000000000212 /* AiView.swift */; };
		A00000000000000000000113 /* SettingsView.swift in Sources */ = {isa = PBXBuildFile; fileRef = A00000000000000000000213 /* SettingsView.swift */; };
		A00000000000000000000114 /* HistoryView.swift in Sources */ = {isa = PBXBuildFile; fileRef = A00000000000000000000214 /* HistoryView.swift */; };
		A00000000000000000000115 /* Assets.xcassets in Resources */ = {isa = PBXBuildFile; fileRef = A00000000000000000000215 /* Assets.xcassets */; };
		A00000000000000000000116 /* loud_sos_alarm.m4a in Resources */ = {isa = PBXBuildFile; fileRef = A00000000000000000000216 /* loud_sos_alarm.m4a */; };
		A00000000000000000000117 /* EmergencyDecisionPolicyTests.swift in Sources */ = {isa = PBXBuildFile; fileRef = A00000000000000000000217 /* EmergencyDecisionPolicyTests.swift */; };
		A00000000000000000000118 /* AlertMessageFormatterTests.swift in Sources */ = {isa = PBXBuildFile; fileRef = A00000000000000000000218 /* AlertMessageFormatterTests.swift */; };
/* End PBXBuildFile section */

/* Begin PBXContainerItemProxy section */
		A00000000000000000000301 /* PBXContainerItemProxy */ = {
			isa = PBXContainerItemProxy;
			containerPortal = A00000000000000000000003 /* Project object */;
			proxyType = 1;
			remoteGlobalIDString = A00000000000000000000001;
			remoteInfo = AuroraSecurity;
		};
/* End PBXContainerItemProxy section */

/* Begin PBXFileReference section */
		A00000000000000000000002 /* AuroraSecurity.app */ = {isa = PBXFileReference; explicitFileType = wrapper.application; includeInIndex = 0; path = AuroraSecurity.app; sourceTree = BUILT_PRODUCTS_DIR; };
		A00000000000000000000012 /* AuroraSecurityTests.xctest */ = {isa = PBXFileReference; explicitFileType = wrapper.cfbundle; includeInIndex = 0; path = AuroraSecurityTests.xctest; sourceTree = BUILT_PRODUCTS_DIR; };
		A00000000000000000000201 /* AuroraSecurityApp.swift */ = {isa = PBXFileReference; lastKnownFileType = sourcecode.swift; path = AuroraSecurityApp.swift; sourceTree = "<group>"; };
		A00000000000000000000202 /* AuroraAppStore.swift */ = {isa = PBXFileReference; lastKnownFileType = sourcecode.swift; path = AuroraAppStore.swift; sourceTree = "<group>"; };
		A00000000000000000000203 /* AuroraModels.swift */ = {isa = PBXFileReference; lastKnownFileType = sourcecode.swift; path = AuroraModels.swift; sourceTree = "<group>"; };
		A00000000000000000000204 /* PreferencesStore.swift */ = {isa = PBXFileReference; lastKnownFileType = sourcecode.swift; path = PreferencesStore.swift; sourceTree = "<group>"; };
		A00000000000000000000205 /* AlertMessageFormatter.swift */ = {isa = PBXFileReference; lastKnownFileType = sourcecode.swift; path = AlertMessageFormatter.swift; sourceTree = "<group>"; };
		A00000000000000000000206 /* HistoryStore.swift */ = {isa = PBXFileReference; lastKnownFileType = sourcecode.swift; path = HistoryStore.swift; sourceTree = "<group>"; };
		A00000000000000000000207 /* BackendClient.swift */ = {isa = PBXFileReference; lastKnownFileType = sourcecode.swift; path = BackendClient.swift; sourceTree = "<group>"; };
		A00000000000000000000208 /* NoiseMonitor.swift */ = {isa = PBXFileReference; lastKnownFileType = sourcecode.swift; path = NoiseMonitor.swift; sourceTree = "<group>"; };
		A00000000000000000000209 /* MotionMonitor.swift */ = {isa = PBXFileReference; lastKnownFileType = sourcecode.swift; path = MotionMonitor.swift; sourceTree = "<group>"; };
		A0000000000000000000020A /* CrisisAudioRecorder.swift */ = {isa = PBXFileReference; lastKnownFileType = sourcecode.swift; path = CrisisAudioRecorder.swift; sourceTree = "<group>"; };
		A0000000000000000000020B /* LocationSnapshotProvider.swift */ = {isa = PBXFileReference; lastKnownFileType = sourcecode.swift; path = LocationSnapshotProvider.swift; sourceTree = "<group>"; };
		A0000000000000000000020C /* LocalAlarmPlayer.swift */ = {isa = PBXFileReference; lastKnownFileType = sourcecode.swift; path = LocalAlarmPlayer.swift; sourceTree = "<group>"; };
		A0000000000000000000020D /* AiAnalysisService.swift */ = {isa = PBXFileReference; lastKnownFileType = sourcecode.swift; path = AiAnalysisService.swift; sourceTree = "<group>"; };
		A0000000000000000000020E /* EmergencyDecisionPolicy.swift */ = {isa = PBXFileReference; lastKnownFileType = sourcecode.swift; path = EmergencyDecisionPolicy.swift; sourceTree = "<group>"; };
		A0000000000000000000020F /* AuroraComponents.swift */ = {isa = PBXFileReference; lastKnownFileType = sourcecode.swift; path = AuroraComponents.swift; sourceTree = "<group>"; };
		A00000000000000000000210 /* AuroraRootView.swift */ = {isa = PBXFileReference; lastKnownFileType = sourcecode.swift; path = AuroraRootView.swift; sourceTree = "<group>"; };
		A00000000000000000000211 /* DetectView.swift */ = {isa = PBXFileReference; lastKnownFileType = sourcecode.swift; path = DetectView.swift; sourceTree = "<group>"; };
		A00000000000000000000212 /* AiView.swift */ = {isa = PBXFileReference; lastKnownFileType = sourcecode.swift; path = AiView.swift; sourceTree = "<group>"; };
		A00000000000000000000213 /* SettingsView.swift */ = {isa = PBXFileReference; lastKnownFileType = sourcecode.swift; path = SettingsView.swift; sourceTree = "<group>"; };
		A00000000000000000000214 /* HistoryView.swift */ = {isa = PBXFileReference; lastKnownFileType = sourcecode.swift; path = HistoryView.swift; sourceTree = "<group>"; };
		A00000000000000000000215 /* Assets.xcassets */ = {isa = PBXFileReference; lastKnownFileType = folder.assetcatalog; path = Assets.xcassets; sourceTree = "<group>"; };
		A00000000000000000000216 /* loud_sos_alarm.m4a */ = {isa = PBXFileReference; lastKnownFileType = file; path = loud_sos_alarm.m4a; sourceTree = "<group>"; };
		A00000000000000000000217 /* EmergencyDecisionPolicyTests.swift */ = {isa = PBXFileReference; lastKnownFileType = sourcecode.swift; path = EmergencyDecisionPolicyTests.swift; sourceTree = "<group>"; };
		A00000000000000000000218 /* AlertMessageFormatterTests.swift */ = {isa = PBXFileReference; lastKnownFileType = sourcecode.swift; path = AlertMessageFormatterTests.swift; sourceTree = "<group>"; };
		A00000000000000000000219 /* Info.plist */ = {isa = PBXFileReference; lastKnownFileType = text.plist.xml; path = Info.plist; sourceTree = "<group>"; };
		A0000000000000000000021A /* AuroraSecurity.entitlements */ = {isa = PBXFileReference; lastKnownFileType = text.plist.entitlements; path = AuroraSecurity.entitlements; sourceTree = "<group>"; };
/* End PBXFileReference section */

/* Begin PBXFrameworksBuildPhase section */
		A00000000000000000000401 /* Frameworks */ = {
			isa = PBXFrameworksBuildPhase;
			buildActionMask = 2147483647;
			files = (
			);
			runOnlyForDeploymentPostprocessing = 0;
		};
		A00000000000000000000402 /* Frameworks */ = {
			isa = PBXFrameworksBuildPhase;
			buildActionMask = 2147483647;
			files = (
			);
			runOnlyForDeploymentPostprocessing = 0;
		};
/* End PBXFrameworksBuildPhase section */

/* Begin PBXGroup section */
		A00000000000000000000004 = {
			isa = PBXGroup;
			children = (
				A00000000000000000000005 /* AuroraSecurity */,
				A0000000000000000000000A /* AuroraSecurityTests */,
				A00000000000000000000009 /* Products */,
			);
			sourceTree = "<group>";
		};
		A00000000000000000000005 /* AuroraSecurity */ = {
			isa = PBXGroup;
			children = (
				A00000000000000000000006 /* App */,
				A00000000000000000000007 /* Models */,
				A00000000000000000000008 /* Services */,
				A0000000000000000000000B /* Views */,
				A0000000000000000000000C /* Resources */,
				A0000000000000000000021A /* AuroraSecurity.entitlements */,
			);
			path = AuroraSecurity;
			sourceTree = "<group>";
		};
		A00000000000000000000006 /* App */ = {
			isa = PBXGroup;
			children = (
				A00000000000000000000201 /* AuroraSecurityApp.swift */,
				A00000000000000000000202 /* AuroraAppStore.swift */,
			);
			path = App;
			sourceTree = "<group>";
		};
		A00000000000000000000007 /* Models */ = {
			isa = PBXGroup;
			children = (
				A00000000000000000000203 /* AuroraModels.swift */,
			);
			path = Models;
			sourceTree = "<group>";
		};
		A00000000000000000000008 /* Services */ = {
			isa = PBXGroup;
			children = (
				A00000000000000000000204 /* PreferencesStore.swift */,
				A00000000000000000000205 /* AlertMessageFormatter.swift */,
				A00000000000000000000206 /* HistoryStore.swift */,
				A00000000000000000000207 /* BackendClient.swift */,
				A00000000000000000000208 /* NoiseMonitor.swift */,
				A00000000000000000000209 /* MotionMonitor.swift */,
				A0000000000000000000020A /* CrisisAudioRecorder.swift */,
				A0000000000000000000020B /* LocationSnapshotProvider.swift */,
				A0000000000000000000020C /* LocalAlarmPlayer.swift */,
				A0000000000000000000020D /* AiAnalysisService.swift */,
				A0000000000000000000020E /* EmergencyDecisionPolicy.swift */,
			);
			path = Services;
			sourceTree = "<group>";
		};
		A00000000000000000000009 /* Products */ = {
			isa = PBXGroup;
			children = (
				A00000000000000000000002 /* AuroraSecurity.app */,
				A00000000000000000000012 /* AuroraSecurityTests.xctest */,
			);
			name = Products;
			sourceTree = "<group>";
		};
		A0000000000000000000000A /* AuroraSecurityTests */ = {
			isa = PBXGroup;
			children = (
				A00000000000000000000217 /* EmergencyDecisionPolicyTests.swift */,
				A00000000000000000000218 /* AlertMessageFormatterTests.swift */,
			);
			path = AuroraSecurityTests;
			sourceTree = "<group>";
		};
		A0000000000000000000000B /* Views */ = {
			isa = PBXGroup;
			children = (
				A0000000000000000000020F /* AuroraComponents.swift */,
				A00000000000000000000210 /* AuroraRootView.swift */,
				A00000000000000000000211 /* DetectView.swift */,
				A00000000000000000000212 /* AiView.swift */,
				A00000000000000000000213 /* SettingsView.swift */,
				A00000000000000000000214 /* HistoryView.swift */,
			);
			path = Views;
			sourceTree = "<group>";
		};
		A0000000000000000000000C /* Resources */ = {
			isa = PBXGroup;
			children = (
				A00000000000000000000215 /* Assets.xcassets */,
				A0000000000000000000000D /* Audio */,
				A00000000000000000000219 /* Info.plist */,
			);
			path = Resources;
			sourceTree = "<group>";
		};
		A0000000000000000000000D /* Audio */ = {
			isa = PBXGroup;
			children = (
				A00000000000000000000216 /* loud_sos_alarm.m4a */,
			);
			path = Audio;
			sourceTree = "<group>";
		};
/* End PBXGroup section */

/* Begin PBXNativeTarget section */
		A00000000000000000000001 /* AuroraSecurity */ = {
			isa = PBXNativeTarget;
			buildConfigurationList = A00000000000000000000601 /* Build configuration list for PBXNativeTarget "AuroraSecurity" */;
			buildPhases = (
				A00000000000000000000501 /* Sources */,
				A00000000000000000000401 /* Frameworks */,
				A00000000000000000000502 /* Resources */,
			);
			buildRules = (
			);
			dependencies = (
			);
			name = AuroraSecurity;
			productName = AuroraSecurity;
			productReference = A00000000000000000000002 /* AuroraSecurity.app */;
			productType = "com.apple.product-type.application";
		};
		A00000000000000000000011 /* AuroraSecurityTests */ = {
			isa = PBXNativeTarget;
			buildConfigurationList = A00000000000000000000602 /* Build configuration list for PBXNativeTarget "AuroraSecurityTests" */;
			buildPhases = (
				A00000000000000000000503 /* Sources */,
				A00000000000000000000402 /* Frameworks */,
				A00000000000000000000504 /* Resources */,
			);
			buildRules = (
			);
			dependencies = (
				A00000000000000000000302 /* PBXTargetDependency */,
			);
			name = AuroraSecurityTests;
			productName = AuroraSecurityTests;
			productReference = A00000000000000000000012 /* AuroraSecurityTests.xctest */;
			productType = "com.apple.product-type.bundle.unit-test";
		};
/* End PBXNativeTarget section */

/* Begin PBXProject section */
		A00000000000000000000003 /* Project object */ = {
			isa = PBXProject;
			attributes = {
				BuildIndependentTargetsInParallel = 1;
				LastSwiftUpdateCheck = 1600;
				LastUpgradeCheck = 1600;
				TargetAttributes = {
					A00000000000000000000001 = {
						CreatedOnToolsVersion = 16.0;
					};
					A00000000000000000000011 = {
						CreatedOnToolsVersion = 16.0;
						TestTargetID = A00000000000000000000001;
					};
				};
			};
			buildConfigurationList = A00000000000000000000600 /* Build configuration list for PBXProject "AuroraSecurity" */;
			compatibilityVersion = "Xcode 14.0";
			developmentRegion = en;
			hasScannedForEncodings = 0;
			knownRegions = (
				en,
				Base,
			);
			mainGroup = A00000000000000000000004;
			productRefGroup = A00000000000000000000009 /* Products */;
			projectDirPath = "";
			projectRoot = "";
			targets = (
				A00000000000000000000001 /* AuroraSecurity */,
				A00000000000000000000011 /* AuroraSecurityTests */,
			);
		};
/* End PBXProject section */

/* Begin PBXResourcesBuildPhase section */
		A00000000000000000000502 /* Resources */ = {
			isa = PBXResourcesBuildPhase;
			buildActionMask = 2147483647;
			files = (
				A00000000000000000000115 /* Assets.xcassets in Resources */,
				A00000000000000000000116 /* loud_sos_alarm.m4a in Resources */,
			);
			runOnlyForDeploymentPostprocessing = 0;
		};
		A00000000000000000000504 /* Resources */ = {
			isa = PBXResourcesBuildPhase;
			buildActionMask = 2147483647;
			files = (
			);
			runOnlyForDeploymentPostprocessing = 0;
		};
/* End PBXResourcesBuildPhase section */

/* Begin PBXSourcesBuildPhase section */
		A00000000000000000000501 /* Sources */ = {
			isa = PBXSourcesBuildPhase;
			buildActionMask = 2147483647;
			files = (
				A00000000000000000000101 /* AuroraSecurityApp.swift in Sources */,
				A00000000000000000000102 /* AuroraAppStore.swift in Sources */,
				A00000000000000000000103 /* AuroraModels.swift in Sources */,
				A00000000000000000000104 /* PreferencesStore.swift in Sources */,
				A00000000000000000000105 /* AlertMessageFormatter.swift in Sources */,
				A00000000000000000000106 /* HistoryStore.swift in Sources */,
				A00000000000000000000107 /* BackendClient.swift in Sources */,
				A00000000000000000000108 /* NoiseMonitor.swift in Sources */,
				A00000000000000000000109 /* MotionMonitor.swift in Sources */,
				A0000000000000000000010A /* CrisisAudioRecorder.swift in Sources */,
				A0000000000000000000010B /* LocationSnapshotProvider.swift in Sources */,
				A0000000000000000000010C /* LocalAlarmPlayer.swift in Sources */,
				A0000000000000000000010D /* AiAnalysisService.swift in Sources */,
				A0000000000000000000010E /* EmergencyDecisionPolicy.swift in Sources */,
				A0000000000000000000010F /* AuroraComponents.swift in Sources */,
				A00000000000000000000110 /* AuroraRootView.swift in Sources */,
				A00000000000000000000111 /* DetectView.swift in Sources */,
				A00000000000000000000112 /* AiView.swift in Sources */,
				A00000000000000000000113 /* SettingsView.swift in Sources */,
				A00000000000000000000114 /* HistoryView.swift in Sources */,
			);
			runOnlyForDeploymentPostprocessing = 0;
		};
		A00000000000000000000503 /* Sources */ = {
			isa = PBXSourcesBuildPhase;
			buildActionMask = 2147483647;
			files = (
				A00000000000000000000117 /* EmergencyDecisionPolicyTests.swift in Sources */,
				A00000000000000000000118 /* AlertMessageFormatterTests.swift in Sources */,
			);
			runOnlyForDeploymentPostprocessing = 0;
		};
/* End PBXSourcesBuildPhase section */

/* Begin PBXTargetDependency section */
		A00000000000000000000302 /* PBXTargetDependency */ = {
			isa = PBXTargetDependency;
			target = A00000000000000000000001 /* AuroraSecurity */;
			targetProxy = A00000000000000000000301 /* PBXContainerItemProxy */;
		};
/* End PBXTargetDependency section */

/* Begin XCBuildConfiguration section */
		A00000000000000000000700 /* Debug */ = {
			isa = XCBuildConfiguration;
			buildSettings = {
				ALWAYS_SEARCH_USER_PATHS = NO;
				CLANG_ANALYZER_NONNULL = YES;
				CLANG_ANALYZER_NUMBER_OBJECT_CONVERSION = YES_AGGRESSIVE;
				CLANG_CXX_LANGUAGE_STANDARD = "gnu++20";
				CLANG_ENABLE_MODULES = YES;
				CLANG_ENABLE_OBJC_ARC = YES;
				CLANG_ENABLE_OBJC_WEAK = YES;
				CLANG_WARN_BLOCK_CAPTURE_AUTORELEASING = YES;
				CLANG_WARN_BOOL_CONVERSION = YES;
				CLANG_WARN_COMMA = YES;
				CLANG_WARN_CONSTANT_CONVERSION = YES;
				CLANG_WARN_DEPRECATED_OBJC_IMPLEMENTATIONS = YES;
				CLANG_WARN_DIRECT_OBJC_ISA_USAGE = YES_ERROR;
				CLANG_WARN_DOCUMENTATION_COMMENTS = YES;
				CLANG_WARN_EMPTY_BODY = YES;
				CLANG_WARN_ENUM_CONVERSION = YES;
				CLANG_WARN_INFINITE_RECURSION = YES;
				CLANG_WARN_INT_CONVERSION = YES;
				CLANG_WARN_NON_LITERAL_NULL_CONVERSION = YES;
				CLANG_WARN_OBJC_IMPLICIT_RETAIN_SELF = YES;
				CLANG_WARN_OBJC_LITERAL_CONVERSION = YES;
				CLANG_WARN_OBJC_ROOT_CLASS = YES_ERROR;
				CLANG_WARN_QUOTED_INCLUDE_IN_FRAMEWORK_HEADER = YES;
				CLANG_WARN_RANGE_LOOP_ANALYSIS = YES;
				CLANG_WARN_STRICT_PROTOTYPES = YES;
				CLANG_WARN_SUSPICIOUS_MOVE = YES;
				CLANG_WARN_UNGUARDED_AVAILABILITY = YES_AGGRESSIVE;
				CLANG_WARN_UNREACHABLE_CODE = YES;
				CLANG_WARN__DUPLICATE_METHOD_MATCH = YES;
				COPY_PHASE_STRIP = NO;
				DEBUG_INFORMATION_FORMAT = dwarf;
				ENABLE_STRICT_OBJC_MSGSEND = YES;
				ENABLE_TESTABILITY = YES;
				ENABLE_USER_SCRIPT_SANDBOXING = YES;
				GCC_C_LANGUAGE_STANDARD = gnu17;
				GCC_DYNAMIC_NO_PIC = NO;
				GCC_NO_COMMON_BLOCKS = YES;
				GCC_OPTIMIZATION_LEVEL = 0;
				GCC_PREPROCESSOR_DEFINITIONS = (
					"DEBUG=1",
					"$(inherited)",
				);
				GCC_WARN_64_TO_32_BIT_CONVERSION = YES;
				GCC_WARN_ABOUT_RETURN_TYPE = YES_ERROR;
				GCC_WARN_UNDECLARED_SELECTOR = YES;
				GCC_WARN_UNINITIALIZED_AUTOS = YES_AGGRESSIVE;
				GCC_WARN_UNUSED_FUNCTION = YES;
				GCC_WARN_UNUSED_VARIABLE = YES;
				IPHONEOS_DEPLOYMENT_TARGET = 17.0;
				MTL_ENABLE_DEBUG_INFO = INCLUDE_SOURCE;
				MTL_FAST_MATH = YES;
				ONLY_ACTIVE_ARCH = YES;
				SDKROOT = iphoneos;
				SWIFT_ACTIVE_COMPILATION_CONDITIONS = DEBUG;
			};
			name = Debug;
		};
		A00000000000000000000701 /* Release */ = {
			isa = XCBuildConfiguration;
			buildSettings = {
				ALWAYS_SEARCH_USER_PATHS = NO;
				CLANG_ANALYZER_NONNULL = YES;
				CLANG_ANALYZER_NUMBER_OBJECT_CONVERSION = YES_AGGRESSIVE;
				CLANG_CXX_LANGUAGE_STANDARD = "gnu++20";
				CLANG_ENABLE_MODULES = YES;
				CLANG_ENABLE_OBJC_ARC = YES;
				CLANG_ENABLE_OBJC_WEAK = YES;
				CLANG_WARN_BLOCK_CAPTURE_AUTORELEASING = YES;
				CLANG_WARN_BOOL_CONVERSION = YES;
				CLANG_WARN_COMMA = YES;
				CLANG_WARN_CONSTANT_CONVERSION = YES;
				CLANG_WARN_DEPRECATED_OBJC_IMPLEMENTATIONS = YES;
				CLANG_WARN_DIRECT_OBJC_ISA_USAGE = YES_ERROR;
				CLANG_WARN_DOCUMENTATION_COMMENTS = YES;
				CLANG_WARN_EMPTY_BODY = YES;
				CLANG_WARN_ENUM_CONVERSION = YES;
				CLANG_WARN_INFINITE_RECURSION = YES;
				CLANG_WARN_INT_CONVERSION = YES;
				CLANG_WARN_NON_LITERAL_NULL_CONVERSION = YES;
				CLANG_WARN_OBJC_IMPLICIT_RETAIN_SELF = YES;
				CLANG_WARN_OBJC_LITERAL_CONVERSION = YES;
				CLANG_WARN_OBJC_ROOT_CLASS = YES_ERROR;
				CLANG_WARN_QUOTED_INCLUDE_IN_FRAMEWORK_HEADER = YES;
				CLANG_WARN_RANGE_LOOP_ANALYSIS = YES;
				CLANG_WARN_STRICT_PROTOTYPES = YES;
				CLANG_WARN_SUSPICIOUS_MOVE = YES;
				CLANG_WARN_UNGUARDED_AVAILABILITY = YES_AGGRESSIVE;
				CLANG_WARN_UNREACHABLE_CODE = YES;
				CLANG_WARN__DUPLICATE_METHOD_MATCH = YES;
				COPY_PHASE_STRIP = NO;
				DEBUG_INFORMATION_FORMAT = "dwarf-with-dsym";
				ENABLE_NS_ASSERTIONS = NO;
				ENABLE_STRICT_OBJC_MSGSEND = YES;
				ENABLE_USER_SCRIPT_SANDBOXING = YES;
				GCC_C_LANGUAGE_STANDARD = gnu17;
				GCC_NO_COMMON_BLOCKS = YES;
				GCC_WARN_64_TO_32_BIT_CONVERSION = YES;
				GCC_WARN_ABOUT_RETURN_TYPE = YES_ERROR;
				GCC_WARN_UNDECLARED_SELECTOR = YES;
				GCC_WARN_UNINITIALIZED_AUTOS = YES_AGGRESSIVE;
				GCC_WARN_UNUSED_FUNCTION = YES;
				GCC_WARN_UNUSED_VARIABLE = YES;
				IPHONEOS_DEPLOYMENT_TARGET = 17.0;
				MTL_ENABLE_DEBUG_INFO = NO;
				MTL_FAST_MATH = YES;
				SDKROOT = iphoneos;
				SWIFT_COMPILATION_MODE = wholemodule;
				VALIDATE_PRODUCT = YES;
			};
			name = Release;
		};
		A00000000000000000000710 /* Debug */ = {
			isa = XCBuildConfiguration;
			buildSettings = {
				ASSETCATALOG_COMPILER_APPICON_NAME = AppIcon;
				CODE_SIGN_ENTITLEMENTS = AuroraSecurity/AuroraSecurity.entitlements;
				CODE_SIGN_STYLE = Automatic;
				CURRENT_PROJECT_VERSION = 1;
				DEVELOPMENT_ASSET_PATHS = "";
				DEVELOPMENT_TEAM = "";
				ENABLE_PREVIEWS = YES;
				GENERATE_INFOPLIST_FILE = NO;
				INFOPLIST_FILE = AuroraSecurity/Resources/Info.plist;
				INFOPLIST_KEY_UIApplicationSupportsIndirectInputEvents = YES;
				IPHONEOS_DEPLOYMENT_TARGET = 17.0;
				LD_RUNPATH_SEARCH_PATHS = (
					"$(inherited)",
					"@executable_path/Frameworks",
				);
				MARKETING_VERSION = 1.0;
				PRODUCT_BUNDLE_IDENTIFIER = app.aurorasecurity.ios;
				PRODUCT_NAME = "$(TARGET_NAME)";
				SUPPORTED_PLATFORMS = "iphoneos iphonesimulator";
				SUPPORTS_MACCATALYST = NO;
				SWIFT_EMIT_LOC_STRINGS = YES;
				SWIFT_VERSION = 5.0;
				TARGETED_DEVICE_FAMILY = 1;
			};
			name = Debug;
		};
		A00000000000000000000711 /* Release */ = {
			isa = XCBuildConfiguration;
			buildSettings = {
				ASSETCATALOG_COMPILER_APPICON_NAME = AppIcon;
				CODE_SIGN_ENTITLEMENTS = AuroraSecurity/AuroraSecurity.entitlements;
				CODE_SIGN_STYLE = Automatic;
				CURRENT_PROJECT_VERSION = 1;
				DEVELOPMENT_ASSET_PATHS = "";
				DEVELOPMENT_TEAM = "";
				ENABLE_PREVIEWS = YES;
				GENERATE_INFOPLIST_FILE = NO;
				INFOPLIST_FILE = AuroraSecurity/Resources/Info.plist;
				INFOPLIST_KEY_UIApplicationSupportsIndirectInputEvents = YES;
				IPHONEOS_DEPLOYMENT_TARGET = 17.0;
				LD_RUNPATH_SEARCH_PATHS = (
					"$(inherited)",
					"@executable_path/Frameworks",
				);
				MARKETING_VERSION = 1.0;
				PRODUCT_BUNDLE_IDENTIFIER = app.aurorasecurity.ios;
				PRODUCT_NAME = "$(TARGET_NAME)";
				SUPPORTED_PLATFORMS = "iphoneos iphonesimulator";
				SUPPORTS_MACCATALYST = NO;
				SWIFT_EMIT_LOC_STRINGS = YES;
				SWIFT_VERSION = 5.0;
				TARGETED_DEVICE_FAMILY = 1;
			};
			name = Release;
		};
		A00000000000000000000720 /* Debug */ = {
			isa = XCBuildConfiguration;
			buildSettings = {
				BUNDLE_LOADER = "$(TEST_HOST)";
				CODE_SIGN_STYLE = Automatic;
				DEVELOPMENT_TEAM = "";
				GENERATE_INFOPLIST_FILE = YES;
				IPHONEOS_DEPLOYMENT_TARGET = 17.0;
				LD_RUNPATH_SEARCH_PATHS = (
					"$(inherited)",
					"@executable_path/Frameworks",
					"@loader_path/Frameworks",
				);
				PRODUCT_BUNDLE_IDENTIFIER = app.aurorasecurity.ios.tests;
				PRODUCT_NAME = "$(TARGET_NAME)";
				SUPPORTED_PLATFORMS = "iphoneos iphonesimulator";
				SWIFT_VERSION = 5.0;
				TARGETED_DEVICE_FAMILY = 1;
				TEST_HOST = "$(BUILT_PRODUCTS_DIR)/AuroraSecurity.app/$(BUNDLE_EXECUTABLE_FOLDER_PATH)/AuroraSecurity";
			};
			name = Debug;
		};
		A00000000000000000000721 /* Release */ = {
			isa = XCBuildConfiguration;
			buildSettings = {
				BUNDLE_LOADER = "$(TEST_HOST)";
				CODE_SIGN_STYLE = Automatic;
				DEVELOPMENT_TEAM = "";
				GENERATE_INFOPLIST_FILE = YES;
				IPHONEOS_DEPLOYMENT_TARGET = 17.0;
				LD_RUNPATH_SEARCH_PATHS = (
					"$(inherited)",
					"@executable_path/Frameworks",
					"@loader_path/Frameworks",
				);
				PRODUCT_BUNDLE_IDENTIFIER = app.aurorasecurity.ios.tests;
				PRODUCT_NAME = "$(TARGET_NAME)";
				SUPPORTED_PLATFORMS = "iphoneos iphonesimulator";
				SWIFT_VERSION = 5.0;
				TARGETED_DEVICE_FAMILY = 1;
				TEST_HOST = "$(BUILT_PRODUCTS_DIR)/AuroraSecurity.app/$(BUNDLE_EXECUTABLE_FOLDER_PATH)/AuroraSecurity";
			};
			name = Release;
		};
/* End XCBuildConfiguration section */

/* Begin XCConfigurationList section */
		A00000000000000000000600 /* Build configuration list for PBXProject "AuroraSecurity" */ = {
			isa = XCConfigurationList;
			buildConfigurations = (
				A00000000000000000000700 /* Debug */,
				A00000000000000000000701 /* Release */,
			);
			defaultConfigurationIsVisible = 0;
			defaultConfigurationName = Release;
		};
		A00000000000000000000601 /* Build configuration list for PBXNativeTarget "AuroraSecurity" */ = {
			isa = XCConfigurationList;
			buildConfigurations = (
				A00000000000000000000710 /* Debug */,
				A00000000000000000000711 /* Release */,
			);
			defaultConfigurationIsVisible = 0;
			defaultConfigurationName = Release;
		};
		A00000000000000000000602 /* Build configuration list for PBXNativeTarget "AuroraSecurityTests" */ = {
			isa = XCConfigurationList;
			buildConfigurations = (
				A00000000000000000000720 /* Debug */,
				A00000000000000000000721 /* Release */,
			);
			defaultConfigurationIsVisible = 0;
			defaultConfigurationName = Release;
		};
/* End XCConfigurationList section */
	};
	rootObject = A00000000000000000000003 /* Project object */;
}
