// !$*UTF8*$!
{
	archiveVersion = 1;
	classes = {
	};
	objectVersion = 56;
	objects = {

/* Begin PBXBuildFile section */
		000000000000000000000065 /* AppShellView.swift in Sources */ = {isa = PBXBuildFile; fileRef = 000000000000000000000001 /* AppShellView.swift */; };
		000000000000000000000066 /* AppState.swift in Sources */ = {isa = PBXBuildFile; fileRef = 000000000000000000000002 /* AppState.swift */; };
		000000000000000000000067 /* AuroraSecurityApp.swift in Sources */ = {isa = PBXBuildFile; fileRef = 000000000000000000000003 /* AuroraSecurityApp.swift */; };
		000000000000000000000068 /* AIView.swift in Sources */ = {isa = PBXBuildFile; fileRef = 000000000000000000000004 /* AIView.swift */; };
		000000000000000000000069 /* DetectView.swift in Sources */ = {isa = PBXBuildFile; fileRef = 000000000000000000000005 /* DetectView.swift */; };
		00000000000000000000006A /* HistoryView.swift in Sources */ = {isa = PBXBuildFile; fileRef = 000000000000000000000006 /* HistoryView.swift */; };
		00000000000000000000006B /* OnboardingView.swift in Sources */ = {isa = PBXBuildFile; fileRef = 000000000000000000000007 /* OnboardingView.swift */; };
		00000000000000000000006C /* SettingsView.swift in Sources */ = {isa = PBXBuildFile; fileRef = 000000000000000000000008 /* SettingsView.swift */; };
		00000000000000000000006D /* AlarmModels.swift in Sources */ = {isa = PBXBuildFile; fileRef = 000000000000000000000009 /* AlarmModels.swift */; };
		00000000000000000000006E /* HistoryRecord.swift in Sources */ = {isa = PBXBuildFile; fileRef = 00000000000000000000000A /* HistoryRecord.swift */; };
		00000000000000000000006F /* AlertDispatcher.swift in Sources */ = {isa = PBXBuildFile; fileRef = 00000000000000000000000B /* AlertDispatcher.swift */; };
		000000000000000000000070 /* AlertMessageFormatter.swift in Sources */ = {isa = PBXBuildFile; fileRef = 00000000000000000000000C /* AlertMessageFormatter.swift */; };
		000000000000000000000071 /* AudioMonitor.swift in Sources */ = {isa = PBXBuildFile; fileRef = 00000000000000000000000D /* AudioMonitor.swift */; };
		000000000000000000000072 /* BackendHTTPClient.swift in Sources */ = {isa = PBXBuildFile; fileRef = 00000000000000000000000E /* BackendHTTPClient.swift */; };
		000000000000000000000073 /* CrisisAudioRecorder.swift in Sources */ = {isa = PBXBuildFile; fileRef = 00000000000000000000000F /* CrisisAudioRecorder.swift */; };
		000000000000000000000074 /* EmergencyActionService.swift in Sources */ = {isa = PBXBuildFile; fileRef = 000000000000000000000010 /* EmergencyActionService.swift */; };
		000000000000000000000075 /* GemmaLiteRTModelManager.swift in Sources */ = {isa = PBXBuildFile; fileRef = 000000000000000000000011 /* GemmaLiteRTModelManager.swift */; };
		000000000000000000000076 /* HistoryStore.swift in Sources */ = {isa = PBXBuildFile; fileRef = 000000000000000000000012 /* HistoryStore.swift */; };
		000000000000000000000077 /* LiteRTAudioAnalysisRuntime.swift in Sources */ = {isa = PBXBuildFile; fileRef = 000000000000000000000013 /* LiteRTAudioAnalysisRuntime.swift */; };
		000000000000000000000078 /* LocationSnapshotProvider.swift in Sources */ = {isa = PBXBuildFile; fileRef = 000000000000000000000014 /* LocationSnapshotProvider.swift */; };
		000000000000000000000079 /* NotificationService.swift in Sources */ = {isa = PBXBuildFile; fileRef = 000000000000000000000015 /* NotificationService.swift */; };
		00000000000000000000007A /* PreferencesStore.swift in Sources */ = {isa = PBXBuildFile; fileRef = 000000000000000000000016 /* PreferencesStore.swift */; };
		00000000000000000000007B /* MorandiPalette.swift in Sources */ = {isa = PBXBuildFile; fileRef = 000000000000000000000017 /* MorandiPalette.swift */; };
/* End PBXBuildFile section */

/* Begin PBXFileReference section */
		000000000000000000000001 /* AppShellView.swift */ = {isa = PBXFileReference; lastKnownFileType = sourcecode.swift; path = AppShellView.swift; sourceTree = "<group>"; };
		000000000000000000000002 /* AppState.swift */ = {isa = PBXFileReference; lastKnownFileType = sourcecode.swift; path = AppState.swift; sourceTree = "<group>"; };
		000000000000000000000003 /* AuroraSecurityApp.swift */ = {isa = PBXFileReference; lastKnownFileType = sourcecode.swift; path = AuroraSecurityApp.swift; sourceTree = "<group>"; };
		000000000000000000000004 /* AIView.swift */ = {isa = PBXFileReference; lastKnownFileType = sourcecode.swift; path = Features/AI/AIView.swift; sourceTree = "<group>"; };
		000000000000000000000005 /* DetectView.swift */ = {isa = PBXFileReference; lastKnownFileType = sourcecode.swift; path = Features/Detect/DetectView.swift; sourceTree = "<group>"; };
		000000000000000000000006 /* HistoryView.swift */ = {isa = PBXFileReference; lastKnownFileType = sourcecode.swift; path = Features/History/HistoryView.swift; sourceTree = "<group>"; };
		000000000000000000000007 /* OnboardingView.swift */ = {isa = PBXFileReference; lastKnownFileType = sourcecode.swift; path = Features/Onboarding/OnboardingView.swift; sourceTree = "<group>"; };
		000000000000000000000008 /* SettingsView.swift */ = {isa = PBXFileReference; lastKnownFileType = sourcecode.swift; path = Features/Settings/SettingsView.swift; sourceTree = "<group>"; };
		000000000000000000000009 /* AlarmModels.swift */ = {isa = PBXFileReference; lastKnownFileType = sourcecode.swift; path = Models/AlarmModels.swift; sourceTree = "<group>"; };
		00000000000000000000000A /* HistoryRecord.swift */ = {isa = PBXFileReference; lastKnownFileType = sourcecode.swift; path = Models/HistoryRecord.swift; sourceTree = "<group>"; };
		00000000000000000000000B /* AlertDispatcher.swift */ = {isa = PBXFileReference; lastKnownFileType = sourcecode.swift; path = Services/AlertDispatcher.swift; sourceTree = "<group>"; };
		00000000000000000000000C /* AlertMessageFormatter.swift */ = {isa = PBXFileReference; lastKnownFileType = sourcecode.swift; path = Services/AlertMessageFormatter.swift; sourceTree = "<group>"; };
		00000000000000000000000D /* AudioMonitor.swift */ = {isa = PBXFileReference; lastKnownFileType = sourcecode.swift; path = Services/AudioMonitor.swift; sourceTree = "<group>"; };
		00000000000000000000000E /* BackendHTTPClient.swift */ = {isa = PBXFileReference; lastKnownFileType = sourcecode.swift; path = Services/BackendHTTPClient.swift; sourceTree = "<group>"; };
		00000000000000000000000F /* CrisisAudioRecorder.swift */ = {isa = PBXFileReference; lastKnownFileType = sourcecode.swift; path = Services/CrisisAudioRecorder.swift; sourceTree = "<group>"; };
		000000000000000000000010 /* EmergencyActionService.swift */ = {isa = PBXFileReference; lastKnownFileType = sourcecode.swift; path = Services/EmergencyActionService.swift; sourceTree = "<group>"; };
		000000000000000000000011 /* GemmaLiteRTModelManager.swift */ = {isa = PBXFileReference; lastKnownFileType = sourcecode.swift; path = Services/GemmaLiteRTModelManager.swift; sourceTree = "<group>"; };
		000000000000000000000012 /* HistoryStore.swift */ = {isa = PBXFileReference; lastKnownFileType = sourcecode.swift; path = Services/HistoryStore.swift; sourceTree = "<group>"; };
		000000000000000000000013 /* LiteRTAudioAnalysisRuntime.swift */ = {isa = PBXFileReference; lastKnownFileType = sourcecode.swift; path = Services/LiteRTAudioAnalysisRuntime.swift; sourceTree = "<group>"; };
		000000000000000000000014 /* LocationSnapshotProvider.swift */ = {isa = PBXFileReference; lastKnownFileType = sourcecode.swift; path = Services/LocationSnapshotProvider.swift; sourceTree = "<group>"; };
		000000000000000000000015 /* NotificationService.swift */ = {isa = PBXFileReference; lastKnownFileType = sourcecode.swift; path = Services/NotificationService.swift; sourceTree = "<group>"; };
		000000000000000000000016 /* PreferencesStore.swift */ = {isa = PBXFileReference; lastKnownFileType = sourcecode.swift; path = Services/PreferencesStore.swift; sourceTree = "<group>"; };
		000000000000000000000017 /* MorandiPalette.swift */ = {isa = PBXFileReference; lastKnownFileType = sourcecode.swift; path = Theme/MorandiPalette.swift; sourceTree = "<group>"; };
		00000000000000000000003C /* Info.plist */ = {isa = PBXFileReference; lastKnownFileType = text.plist.xml; path = Info.plist; sourceTree = "<group>"; };
		0000000000000000000000CC /* AuroraSecurity.app */ = {isa = PBXFileReference; explicitFileType = wrapper.application; includeInIndex = 0; path = AuroraSecurity.app; sourceTree = BUILT_PRODUCTS_DIR; };
/* End PBXFileReference section */

/* Begin PBXFrameworksBuildPhase section */
		0000000000000000000000D0 /* Frameworks */ = {isa = PBXFrameworksBuildPhase; buildActionMask = 2147483647; files = (); runOnlyForDeploymentPostprocessing = 0; };
/* End PBXFrameworksBuildPhase section */

/* Begin PBXGroup section */
		0000000000000000000000C9 = {isa = PBXGroup; children = (0000000000000000000000CB /* AuroraSecurity */, 0000000000000000000000CA /* Products */,); sourceTree = "<group>"; };
		0000000000000000000000CB /* AuroraSecurity */ = {isa = PBXGroup; children = (
				000000000000000000000001 /* AppShellView.swift */,
				000000000000000000000002 /* AppState.swift */,
				000000000000000000000003 /* AuroraSecurityApp.swift */,
				000000000000000000000004 /* AIView.swift */,
				000000000000000000000005 /* DetectView.swift */,
				000000000000000000000006 /* HistoryView.swift */,
				000000000000000000000007 /* OnboardingView.swift */,
				000000000000000000000008 /* SettingsView.swift */,
				000000000000000000000009 /* AlarmModels.swift */,
				00000000000000000000000A /* HistoryRecord.swift */,
				00000000000000000000000B /* AlertDispatcher.swift */,
				00000000000000000000000C /* AlertMessageFormatter.swift */,
				00000000000000000000000D /* AudioMonitor.swift */,
				00000000000000000000000E /* BackendHTTPClient.swift */,
				00000000000000000000000F /* CrisisAudioRecorder.swift */,
				000000000000000000000010 /* EmergencyActionService.swift */,
				000000000000000000000011 /* GemmaLiteRTModelManager.swift */,
				000000000000000000000012 /* HistoryStore.swift */,
				000000000000000000000013 /* LiteRTAudioAnalysisRuntime.swift */,
				000000000000000000000014 /* LocationSnapshotProvider.swift */,
				000000000000000000000015 /* NotificationService.swift */,
				000000000000000000000016 /* PreferencesStore.swift */,
				000000000000000000000017 /* MorandiPalette.swift */,
				00000000000000000000003C /* Info.plist */,
			); path = AuroraSecurity; sourceTree = "<group>"; };
		0000000000000000000000CA /* Products */ = {isa = PBXGroup; children = (0000000000000000000000CC /* AuroraSecurity.app */,); name = Products; sourceTree = "<group>"; };
/* End PBXGroup section */

/* Begin PBXNativeTarget section */
		0000000000000000000000CE /* AuroraSecurity */ = {isa = PBXNativeTarget; buildConfigurationList = 0000000000000000000000D3 /* Build configuration list for PBXNativeTarget "AuroraSecurity" */; buildPhases = (0000000000000000000000CF /* Sources */, 0000000000000000000000D0 /* Frameworks */, 0000000000000000000000D1 /* Resources */,); buildRules = (); dependencies = (); name = AuroraSecurity; productName = AuroraSecurity; productReference = 0000000000000000000000CC /* AuroraSecurity.app */; productType = "com.apple.product-type.application"; };
/* End PBXNativeTarget section */

/* Begin PBXProject section */
		0000000000000000000000CD /* Project object */ = {isa = PBXProject; attributes = {BuildIndependentTargetsInParallel = 1; LastSwiftUpdateCheck = 1600; LastUpgradeCheck = 1600; TargetAttributes = {0000000000000000000000CE = {CreatedOnToolsVersion = 16.0; }; }; }; buildConfigurationList = 0000000000000000000000D2 /* Build configuration list for PBXProject "AuroraSecurity" */; compatibilityVersion = "Xcode 14.0"; developmentRegion = en; hasScannedForEncodings = 0; knownRegions = (en, Base,); mainGroup = 0000000000000000000000C9; productRefGroup = 0000000000000000000000CA /* Products */; projectDirPath = ""; projectRoot = ""; targets = (0000000000000000000000CE /* AuroraSecurity */,); };
/* End PBXProject section */

/* Begin PBXResourcesBuildPhase section */
		0000000000000000000000D1 /* Resources */ = {isa = PBXResourcesBuildPhase; buildActionMask = 2147483647; files = (); runOnlyForDeploymentPostprocessing = 0; };
/* End PBXResourcesBuildPhase section */

/* Begin PBXSourcesBuildPhase section */
		0000000000000000000000CF /* Sources */ = {isa = PBXSourcesBuildPhase; buildActionMask = 2147483647; files = (
				000000000000000000000065 /* AppShellView.swift in Sources */,
				000000000000000000000066 /* AppState.swift in Sources */,
				000000000000000000000067 /* AuroraSecurityApp.swift in Sources */,
				000000000000000000000068 /* AIView.swift in Sources */,
				000000000000000000000069 /* DetectView.swift in Sources */,
				00000000000000000000006A /* HistoryView.swift in Sources */,
				00000000000000000000006B /* OnboardingView.swift in Sources */,
				00000000000000000000006C /* SettingsView.swift in Sources */,
				00000000000000000000006D /* AlarmModels.swift in Sources */,
				00000000000000000000006E /* HistoryRecord.swift in Sources */,
				00000000000000000000006F /* AlertDispatcher.swift in Sources */,
				000000000000000000000070 /* AlertMessageFormatter.swift in Sources */,
				000000000000000000000071 /* AudioMonitor.swift in Sources */,
				000000000000000000000072 /* BackendHTTPClient.swift in Sources */,
				000000000000000000000073 /* CrisisAudioRecorder.swift in Sources */,
				000000000000000000000074 /* EmergencyActionService.swift in Sources */,
				000000000000000000000075 /* GemmaLiteRTModelManager.swift in Sources */,
				000000000000000000000076 /* HistoryStore.swift in Sources */,
				000000000000000000000077 /* LiteRTAudioAnalysisRuntime.swift in Sources */,
				000000000000000000000078 /* LocationSnapshotProvider.swift in Sources */,
				000000000000000000000079 /* NotificationService.swift in Sources */,
				00000000000000000000007A /* PreferencesStore.swift in Sources */,
				00000000000000000000007B /* MorandiPalette.swift in Sources */,
			); runOnlyForDeploymentPostprocessing = 0; };
/* End PBXSourcesBuildPhase section */

/* Begin XCBuildConfiguration section */
		0000000000000000000000D4 /* Debug */ = {isa = XCBuildConfiguration; buildSettings = {ALWAYS_SEARCH_USER_PATHS = NO; CLANG_ANALYZER_NONNULL = YES; CLANG_ANALYZER_NUMBER_OBJECT_CONVERSION = YES_AGGRESSIVE; CLANG_CXX_LANGUAGE_STANDARD = "gnu++20"; CLANG_ENABLE_MODULES = YES; CLANG_ENABLE_OBJC_ARC = YES; CLANG_ENABLE_OBJC_WEAK = YES; COPY_PHASE_STRIP = NO; DEBUG_INFORMATION_FORMAT = dwarf; ENABLE_STRICT_OBJC_MSGSEND = YES; ENABLE_TESTABILITY = YES; ENABLE_USER_SCRIPT_SANDBOXING = YES; GCC_C_LANGUAGE_STANDARD = gnu17; GCC_DYNAMIC_NO_PIC = NO; GCC_NO_COMMON_BLOCKS = YES; GCC_OPTIMIZATION_LEVEL = 0; GCC_PREPROCESSOR_DEFINITIONS = ("DEBUG=1", "$(inherited)"); GCC_WARN_64_TO_32_BIT_CONVERSION = YES; GCC_WARN_ABOUT_RETURN_TYPE = YES_ERROR; GCC_WARN_UNDECLARED_SELECTOR = YES; GCC_WARN_UNINITIALIZED_AUTOS = YES_AGGRESSIVE; GCC_WARN_UNUSED_FUNCTION = YES; GCC_WARN_UNUSED_VARIABLE = YES; IPHONEOS_DEPLOYMENT_TARGET = 17.0; MTL_ENABLE_DEBUG_INFO = INCLUDE_SOURCE; MTL_FAST_MATH = YES; ONLY_ACTIVE_ARCH = YES; SDKROOT = iphoneos; SWIFT_ACTIVE_COMPILATION_CONDITIONS = DEBUG; SWIFT_OPTIMIZATION_LEVEL = "-Onone"; }; name = Debug; };
		0000000000000000000000D5 /* Release */ = {isa = XCBuildConfiguration; buildSettings = {ALWAYS_SEARCH_USER_PATHS = NO; CLANG_ANALYZER_NONNULL = YES; CLANG_ANALYZER_NUMBER_OBJECT_CONVERSION = YES_AGGRESSIVE; CLANG_CXX_LANGUAGE_STANDARD = "gnu++20"; CLANG_ENABLE_MODULES = YES; CLANG_ENABLE_OBJC_ARC = YES; CLANG_ENABLE_OBJC_WEAK = YES; COPY_PHASE_STRIP = NO; DEBUG_INFORMATION_FORMAT = "dwarf-with-dsym"; ENABLE_NS_ASSERTIONS = NO; ENABLE_STRICT_OBJC_MSGSEND = YES; ENABLE_USER_SCRIPT_SANDBOXING = YES; GCC_C_LANGUAGE_STANDARD = gnu17; GCC_NO_COMMON_BLOCKS = YES; GCC_WARN_64_TO_32_BIT_CONVERSION = YES; GCC_WARN_ABOUT_RETURN_TYPE = YES_ERROR; GCC_WARN_UNDECLARED_SELECTOR = YES; GCC_WARN_UNINITIALIZED_AUTOS = YES_AGGRESSIVE; GCC_WARN_UNUSED_FUNCTION = YES; GCC_WARN_UNUSED_VARIABLE = YES; IPHONEOS_DEPLOYMENT_TARGET = 17.0; MTL_ENABLE_DEBUG_INFO = NO; MTL_FAST_MATH = YES; SDKROOT = iphoneos; SWIFT_COMPILATION_MODE = wholemodule; VALIDATE_PRODUCT = YES; }; name = Release; };
		0000000000000000000000D6 /* Debug */ = {isa = XCBuildConfiguration; buildSettings = {ASSETCATALOG_COMPILER_GLOBAL_ACCENT_COLOR_NAME = AccentColor; CODE_SIGN_STYLE = Automatic; CURRENT_PROJECT_VERSION = 1; DEVELOPMENT_ASSET_PATHS = ""; DEVELOPMENT_TEAM = ""; GENERATE_INFOPLIST_FILE = NO; INFOPLIST_FILE = AuroraSecurity/Info.plist; MARKETING_VERSION = 1.0; PRODUCT_BUNDLE_IDENTIFIER = app.aurorasecurity.security.ios; PRODUCT_NAME = "$(TARGET_NAME)"; SWIFT_EMIT_LOC_STRINGS = YES; SWIFT_VERSION = 5.0; TARGETED_DEVICE_FAMILY = "1,2"; }; name = Debug; };
		0000000000000000000000D7 /* Release */ = {isa = XCBuildConfiguration; buildSettings = {ASSETCATALOG_COMPILER_GLOBAL_ACCENT_COLOR_NAME = AccentColor; CODE_SIGN_STYLE = Automatic; CURRENT_PROJECT_VERSION = 1; DEVELOPMENT_ASSET_PATHS = ""; DEVELOPMENT_TEAM = ""; GENERATE_INFOPLIST_FILE = NO; INFOPLIST_FILE = AuroraSecurity/Info.plist; MARKETING_VERSION = 1.0; PRODUCT_BUNDLE_IDENTIFIER = app.aurorasecurity.security.ios; PRODUCT_NAME = "$(TARGET_NAME)"; SWIFT_EMIT_LOC_STRINGS = YES; SWIFT_VERSION = 5.0; TARGETED_DEVICE_FAMILY = "1,2"; }; name = Release; };
/* End XCBuildConfiguration section */

/* Begin XCConfigurationList section */
		0000000000000000000000D2 /* Build configuration list for PBXProject "AuroraSecurity" */ = {isa = XCConfigurationList; buildConfigurations = (0000000000000000000000D4 /* Debug */, 0000000000000000000000D5 /* Release */,); defaultConfigurationIsVisible = 0; defaultConfigurationName = Release; };
		0000000000000000000000D3 /* Build configuration list for PBXNativeTarget "AuroraSecurity" */ = {isa = XCConfigurationList; buildConfigurations = (0000000000000000000000D6 /* Debug */, 0000000000000000000000D7 /* Release */,); defaultConfigurationIsVisible = 0; defaultConfigurationName = Release; };
/* End XCConfigurationList section */
	};
	rootObject = 0000000000000000000000CD /* Project object */;
}
